<?xml version="1.0" encoding="utf-8"?>
<Project ToolsVersion="4.0" xmlns="http://schemas.microsoft.com/developer/msbuild/2003">
  <ItemGroup>
    <Filter Include="Fichiers sources">
      <UniqueIdentifier>{4FC737F1-C7A5-4376-A066-2A32D752A2FF}</UniqueIdentifier>
      <Extensions>cpp;c;cc;cxx;c++;cppm;ixx;def;odl;idl;hpj;bat;asm;asmx</Extensions>
    </Filter>
    <Filter Include="Fichiers d%27en-tête">
      <UniqueIdentifier>{93995380-89BD-4b04-88EB-625FBE52EBFB}</UniqueIdentifier>
      <Extensions>h;hh;hpp;hxx;h++;hm;inl;inc;ipp;xsd</Extensions>
    </Filter>
    <Filter Include="Fichiers de ressources">
      <UniqueIdentifier>{67DA6AB6-F800-4c08-8B7A-83BB121AAD01}</UniqueIdentifier>
      <Extensions>rc;ico;cur;bmp;dlg;rc2;rct;bin;rgs;gif;jpg;jpeg;jpe;resx;tiff;tif;png;wav;mfcribbon-ms</Extensions>
    </Filter>
    <Filter Include="Outils">
      <UniqueIdentifier>{c437ba1c-a57b-492a-aca4-f26645622409}</UniqueIdentifier>
    </Filter>
    <Filter Include="Menu/Save">
      <UniqueIdentifier>{88dabed2-f8ac-4f91-a1f5-e46cd61d6e38}</UniqueIdentifier>
    </Filter>
    <Filter Include="Game">
      <UniqueIdentifier>{ed8d9f5a-1c3c-44f6-822e-3a5e95896625}</UniqueIdentifier>
    </Filter>
    <Filter Include="Perso">
      <UniqueIdentifier>{3c49b80b-b49a-4e12-9e39-b35c897045e4}</UniqueIdentifier>
    </Filter>
    <Filter Include="Perso\Classe">
      <UniqueIdentifier>{997ab78c-3dfe-469b-9560-937c0eee2e9b}</UniqueIdentifier>
    </Filter>
    <Filter Include="Objet">
      <UniqueIdentifier>{c549c268-3b23-4763-911f-0a657cc90da8}</UniqueIdentifier>
    </Filter>
    <Filter Include="Lieux">
      <UniqueIdentifier>{e53c9903-81c5-4b1a-97b8-bb79446a6e46}</UniqueIdentifier>
    </Filter>
  </ItemGroup>
  <ItemGroup>
    <ClCompile Include="Source.cpp">
      <Filter>Fichiers sources</Filter>
    </ClCompile>
    <ClCompile Include="Tools.cpp">
      <Filter>Outils</Filter>
    </ClCompile>
    <ClCompile Include="myWindow.cpp">
      <Filter>Outils</Filter>
    </ClCompile>
    <ClCompile Include="Menu.cpp">
      <Filter>Menu/Save</Filter>
    </ClCompile>
    <ClCompile Include="Chargement.cpp">
      <Filter>Menu/Save</Filter>
    </ClCompile>
    <ClCompile Include="Game.cpp">
      <Filter>Game</Filter>
    </ClCompile>
    <ClCompile Include="Save.cpp">
      <Filter>Menu/Save</Filter>
    </ClCompile>
    <ClCompile Include="Map.cpp">
      <Filter>Game</Filter>
    </ClCompile>
    <ClCompile Include="Job.cpp">
      <Filter>Perso\Classe</Filter>
    </ClCompile>
    <ClCompile Include="Assassin.cpp">
      <Filter>Perso\Classe</Filter>
    </ClCompile>
    <ClCompile Include="Clerc.cpp">
      <Filter>Perso\Classe</Filter>
    </ClCompile>
    <ClCompile Include="Guerrier.cpp">
      <Filter>Perso\Classe</Filter>
    </ClCompile>
    <ClCompile Include="Magicien.cpp">
      <Filter>Perso\Classe</Filter>
    </ClCompile>
    <ClCompile Include="Armes.cpp">
      <Filter>Objet</Filter>
    </ClCompile>
    <ClCompile Include="Armures.cpp">
      <Filter>Objet</Filter>
    </ClCompile>
    <ClCompile Include="Consos.cpp">
      <Filter>Objet</Filter>
    </ClCompile>
    <ClCompile Include="Villagois.cpp">
      <Filter>Perso\Classe</Filter>
    </ClCompile>
    <ClCompile Include="Joueur.cpp">
      <Filter>Perso</Filter>
    </ClCompile>
    <ClCompile Include="Personnage.cpp">
      <Filter>Perso</Filter>
    </ClCompile>
    <ClCompile Include="Fontaine.cpp">
      <Filter>Lieux</Filter>
    </ClCompile>
    <ClCompile Include="Taverne.cpp">
      <Filter>Lieux</Filter>
    </ClCompile>
  </ItemGroup>
  <ItemGroup>
    <ClInclude Include="Tools.h">
      <Filter>Outils</Filter>
    </ClInclude>
    <ClInclude Include="myWindow.h">
      <Filter>Outils</Filter>
    </ClInclude>
    <ClInclude Include="stateManager.h">
      <Filter>Outils</Filter>
    </ClInclude>
    <ClInclude Include="Menu.h">
      <Filter>Menu/Save</Filter>
    </ClInclude>
    <ClInclude Include="Chargement.h">
      <Filter>Menu/Save</Filter>
    </ClInclude>
    <ClInclude Include="Game.h">
      <Filter>Game</Filter>
    </ClInclude>
    <ClInclude Include="Save.h">
      <Filter>Menu/Save</Filter>
    </ClInclude>
    <ClInclude Include="Map.h">
      <Filter>Game</Filter>
    </ClInclude>
    <ClInclude Include="Job.h">
      <Filter>Perso\Classe</Filter>
    </ClInclude>
    <ClInclude Include="Assassin.h">
      <Filter>Perso\Classe</Filter>
    </ClInclude>
    <ClInclude Include="Clerc.h">
      <Filter>Perso\Classe</Filter>
    </ClInclude>
    <ClInclude Include="Guerrier.h">
      <Filter>Perso\Classe</Filter>
    </ClInclude>
    <ClInclude Include="Magicien.h">
      <Filter>Perso\Classe</Filter>
    </ClInclude>
    <ClInclude Include="Armes.h">
      <Filter>Objet</Filter>
    </ClInclude>
    <ClInclude Include="Armures.h">
      <Filter>Objet</Filter>
    </ClInclude>
    <ClInclude Include="Consos.h">
      <Filter>Objet</Filter>
    </ClInclude>
    <ClInclude Include="NonVivant.h">
      <Filter>Objet</Filter>
    </ClInclude>
    <ClInclude Include="Villagois.h">
      <Filter>Perso\Classe</Filter>
    </ClInclude>
    <ClInclude Include="Joueur.h">
      <Filter>Perso</Filter>
    </ClInclude>
    <ClInclude Include="Personnage.h">
      <Filter>Perso</Filter>
    </ClInclude>
    <ClInclude Include="Fontaine.h">
      <Filter>Lieux</Filter>
    </ClInclude>
    <ClInclude Include="Taverne.h">
      <Filter>Lieux</Filter>
    </ClInclude>
  </ItemGroup>
</Project>